
Microsoft Visual Studio Solution File, Format Version 12.00
# Visual Studio Version 17
VisualStudioVersion = 17.0.31903.59
MinimumVisualStudioVersion = 10.0.40219.1
Project("{2150E333-8FDC-42A3-9474-1A3956D46DE8}") = "src", "src", "{0850DE08-2C2F-48D0-9DA5-B27A94039897}"
EndProject
Project("{FAE04EC0-301F-11D3-BF4B-00C04F79EFBC}") = "RimLiaison.Cli", "src\RimLiaison.Cli\RimLiaison.Cli.csproj", "{06702CF4-17DF-4401-9C65-1254B2F42E93}"
EndProject
Project("{FAE04EC0-301F-11D3-BF4B-00C04F79EFBC}") = "RimLiaison.Desktop", "src\RimLiaison.Desktop\RimLiaison.Desktop.csproj", "{D3F5E4B8-6A3E-4F9B-8E6B-9C9C3E7A1F21}"
EndProject
Project("{2150E333-8FDC-42A3-9474-1A3956D46DE8}") = "tests", "tests", "{B4768D6B-3C8C-4EF7-948F-5DEB6038F30C}"
EndProject
Project("{FAE04EC0-301F-11D3-BF4B-00C04F79EFBC}") = "RimLiaison.Tests", "tests\RimLiaison.Tests\RimLiaison.Tests.csproj", "{AB79624D-61BD-4160-B3AE-9CCE08BD5B53}"
EndProject
Project("{FAE04EC0-301F-11D3-BF4B-00C04F79EFBC}") = "RimContext.Core", "src\RimContext.Core\RimContext.Core.csproj", "{4429B022-EA78-43A9-A11D-A5700B2F9935}"
EndProject
Project("{FAE04EC0-301F-11D3-BF4B-00C04F79EFBC}") = "RimContext.Cli", "src\RimContext.Cli\RimContext.Cli.csproj", "{361C1550-B779-4E9E-9EBA-458A84E7063D}"
EndProject
Project("{FAE04EC0-301F-11D3-BF4B-00C04F79EFBC}") = "RimContext.Tests", "tests\RimContext.Tests\RimContext.Tests.csproj", "{0C286FAF-5C31-4F92-B413-54AAD6EADB51}"
EndProject
Project("{FAE04EC0-301F-11D3-BF4B-00C04F79EFBC}") = "RimError.Core", "src\RimError.Core\RimError.Core.csproj", "{A36C7893-6C62-4A35-A6EB-48E223752EFE}"
EndProject
Project("{FAE04EC0-301F-11D3-BF4B-00C04F79EFBC}") = "RimError.Cli", "src\RimError.Cli\RimError.Cli.csproj", "{5F257BED-6C93-4E0F-8097-51E358BEF8A3}"
EndProject
Project("{FAE04EC0-301F-11D3-BF4B-00C04F79EFBC}") = "RimError.Core.Tests", "tests\RimError.Core.Tests\RimError.Core.Tests.csproj", "{A96B86A7-6280-47F3-A286-4522F23F824D}"
EndProject
Project("{FAE04EC0-301F-11D3-BF4B-00C04F79EFBC}") = "RimDev.Contracts", "src\RimDev.Contracts\RimDev.Contracts.csproj", "{C4C2A7F4-8B2D-4B7F-9B0D-4D4D4D4D4D4D}"
EndProject
Project("{2150E333-8FDC-42A3-9474-1A3956D46DE8}") = "DevBridgeRuntime", "DevBridgeRuntime", "{CC3AE83B-057E-4F45-8328-D3DD5ACEFDB6}"
EndProject
Project("{FAE04EC0-301F-11D3-BF4B-00C04F79EFBC}") = "DevBridge.Coordinator.Core", "src\DevBridgeRuntime\Coordinator.Core\DevBridge.Coordinator.Core.csproj", "{7963FE6F-4188-4467-B3CD-33524F290DDA}"
EndProject
Project("{FAE04EC0-301F-11D3-BF4B-00C04F79EFBC}") = "DevBridge.Coordinator", "src\DevBridgeRuntime\Coordinator\DevBridge.Coordinator.csproj", "{5EF3D76A-6125-4B74-9AA9-BE3CB7A47C71}"
EndProject
Project("{FAE04EC0-301F-11D3-BF4B-00C04F79EFBC}") = "DevBridge2.BridgeTools", "src\DevBridgeRuntime\BridgeTools\DevBridge2.BridgeTools.csproj", "{3621ADB2-798F-4396-B821-3C3388AB639E}"
EndProject
Project("{FAE04EC0-301F-11D3-BF4B-00C04F79EFBC}") = "DevBridge2", "src\DevBridgeRuntime\Mod\DevBridge2.csproj", "{392D8E2C-18C7-43DC-9D61-6345ADAB3F72}"
EndProject
Project("{FAE04EC0-301F-11D3-BF4B-00C04F79EFBC}") = "DevBridgeRuntime.Tests", "tests\DevBridgeRuntime.Tests\DevBridgeRuntime.Tests.csproj", "{883B7F5A-50E3-46CA-9EF1-18DBFCDFCD98}"
EndProject
Global
	GlobalSection(SolutionConfigurationPlatforms) = preSolution
		Debug|Any CPU = Debug|Any CPU
		Release|Any CPU = Release|Any CPU
	EndGlobalSection
	GlobalSection(SolutionProperties) = preSolution
		HideSolutionNode = FALSE
	EndGlobalSection
	GlobalSection(ProjectConfigurationPlatforms) = postSolution
		{06702CF4-17DF-4401-9C65-1254B2F42E93}.Debug|Any CPU.ActiveCfg = Debug|Any CPU
		{06702CF4-17DF-4401-9C65-1254B2F42E93}.Debug|Any CPU.Build.0 = Debug|Any CPU
		{06702CF4-17DF-4401-9C65-1254B2F42E93}.Release|Any CPU.ActiveCfg = Release|Any CPU
		{06702CF4-17DF-4401-9C65-1254B2F42E93}.Release|Any CPU.Build.0 = Release|Any CPU
		{D3F5E4B8-6A3E-4F9B-8E6B-9C9C3E7A1F21}.Debug|Any CPU.ActiveCfg = Debug|Any CPU
		{D3F5E4B8-6A3E-4F9B-8E6B-9C9C3E7A1F21}.Debug|Any CPU.Build.0 = Debug|Any CPU
		{D3F5E4B8-6A3E-4F9B-8E6B-9C9C3E7A1F21}.Release|Any CPU.ActiveCfg = Release|Any CPU
		{D3F5E4B8-6A3E-4F9B-8E6B-9C9C3E7A1F21}.Release|Any CPU.Build.0 = Release|Any CPU
		{AB79624D-61BD-4160-B3AE-9CCE08BD5B53}.Debug|Any CPU.ActiveCfg = Debug|Any CPU
		{AB79624D-61BD-4160-B3AE-9CCE08BD5B53}.Debug|Any CPU.Build.0 = Debug|Any CPU
		{AB79624D-61BD-4160-B3AE-9CCE08BD5B53}.Release|Any CPU.ActiveCfg = Release|Any CPU
		{AB79624D-61BD-4160-B3AE-9CCE08BD5B53}.Release|Any CPU.Build.0 = Release|Any CPU
		{4429B022-EA78-43A9-A11D-A5700B2F9935}.Debug|Any CPU.ActiveCfg = Debug|Any CPU
		{4429B022-EA78-43A9-A11D-A5700B2F9935}.Debug|Any CPU.Build.0 = Debug|Any CPU
		{4429B022-EA78-43A9-A11D-A5700B2F9935}.Release|Any CPU.ActiveCfg = Release|Any CPU
		{4429B022-EA78-43A9-A11D-A5700B2F9935}.Release|Any CPU.Build.0 = Release|Any CPU
		{361C1550-B779-4E9E-9EBA-458A84E7063D}.Debug|Any CPU.ActiveCfg = Debug|Any CPU
		{361C1550-B779-4E9E-9EBA-458A84E7063D}.Debug|Any CPU.Build.0 = Debug|Any CPU
		{361C1550-B779-4E9E-9EBA-458A84E7063D}.Release|Any CPU.ActiveCfg = Release|Any CPU
		{361C1550-B779-4E9E-9EBA-458A84E7063D}.Release|Any CPU.Build.0 = Release|Any CPU
		{0C286FAF-5C31-4F92-B413-54AAD6EADB51}.Debug|Any CPU.ActiveCfg = Debug|Any CPU
		{0C286FAF-5C31-4F92-B413-54AAD6EADB51}.Debug|Any CPU.Build.0 = Debug|Any CPU
		{0C286FAF-5C31-4F92-B413-54AAD6EADB51}.Release|Any CPU.ActiveCfg = Release|Any CPU
		{0C286FAF-5C31-4F92-B413-54AAD6EADB51}.Release|Any CPU.Build.0 = Release|Any CPU
		{A36C7893-6C62-4A35-A6EB-48E223752EFE}.Debug|Any CPU.ActiveCfg = Debug|Any CPU
		{A36C7893-6C62-4A35-A6EB-48E223752EFE}.Debug|Any CPU.Build.0 = Debug|Any CPU
		{A36C7893-6C62-4A35-A6EB-48E223752EFE}.Release|Any CPU.ActiveCfg = Release|Any CPU
		{A36C7893-6C62-4A35-A6EB-48E223752EFE}.Release|Any CPU.Build.0 = Release|Any CPU
		{5F257BED-6C93-4E0F-8097-51E358BEF8A3}.Debug|Any CPU.ActiveCfg = Debug|Any CPU
		{5F257BED-6C93-4E0F-8097-51E358BEF8A3}.Debug|Any CPU.Build.0 = Debug|Any CPU
		{5F257BED-6C93-4E0F-8097-51E358BEF8A3}.Release|Any CPU.ActiveCfg = Release|Any CPU
		{5F257BED-6C93-4E0F-8097-51E358BEF8A3}.Release|Any CPU.Build.0 = Release|Any CPU
		{A96B86A7-6280-47F3-A286-4522F23F824D}.Debug|Any CPU.ActiveCfg = Debug|Any CPU
		{A96B86A7-6280-47F3-A286-4522F23F824D}.Debug|Any CPU.Build.0 = Debug|Any CPU
		{A96B86A7-6280-47F3-A286-4522F23F824D}.Release|Any CPU.ActiveCfg = Release|Any CPU
		{A96B86A7-6280-47F3-A286-4522F23F824D}.Release|Any CPU.Build.0 = Release|Any CPU
		{C4C2A7F4-8B2D-4B7F-9B0D-4D4D4D4D4D4D}.Debug|Any CPU.ActiveCfg = Debug|Any CPU
		{C4C2A7F4-8B2D-4B7F-9B0D-4D4D4D4D4D4D}.Debug|Any CPU.Build.0 = Debug|Any CPU
		{C4C2A7F4-8B2D-4B7F-9B0D-4D4D4D4D4D4D}.Release|Any CPU.ActiveCfg = Release|Any CPU
		{C4C2A7F4-8B2D-4B7F-9B0D-4D4D4D4D4D4D}.Release|Any CPU.Build.0 = Release|Any CPU
		{7963FE6F-4188-4467-B3CD-33524F290DDA}.Debug|Any CPU.ActiveCfg = Debug|Any CPU
		{7963FE6F-4188-4467-B3CD-33524F290DDA}.Debug|Any CPU.Build.0 = Debug|Any CPU
		{7963FE6F-4188-4467-B3CD-33524F290DDA}.Release|Any CPU.ActiveCfg = Release|Any CPU
		{7963FE6F-4188-4467-B3CD-33524F290DDA}.Release|Any CPU.Build.0 = Release|Any CPU
		{5EF3D76A-6125-4B74-9AA9-BE3CB7A47C71}.Debug|Any CPU.ActiveCfg = Debug|Any CPU
		{5EF3D76A-6125-4B74-9AA9-BE3CB7A47C71}.Debug|Any CPU.Build.0 = Debug|Any CPU
		{5EF3D76A-6125-4B74-9AA9-BE3CB7A47C71}.Release|Any CPU.ActiveCfg = Release|Any CPU
		{5EF3D76A-6125-4B74-9AA9-BE3CB7A47C71}.Release|Any CPU.Build.0 = Release|Any CPU
		{3621ADB2-798F-4396-B821-3C3388AB639E}.Debug|Any CPU.ActiveCfg = Debug|Any CPU
		{3621ADB2-798F-4396-B821-3C3388AB639E}.Debug|Any CPU.Build.0 = Debug|Any CPU
		{3621ADB2-798F-4396-B821-3C3388AB639E}.Release|Any CPU.ActiveCfg = Release|Any CPU
		{3621ADB2-798F-4396-B821-3C3388AB639E}.Release|Any CPU.Build.0 = Release|Any CPU
		{392D8E2C-18C7-43DC-9D61-6345ADAB3F72}.Debug|Any CPU.ActiveCfg = Debug|Any CPU
		{392D8E2C-18C7-43DC-9D61-6345ADAB3F72}.Debug|Any CPU.Build.0 = Debug|Any CPU
		{392D8E2C-18C7-43DC-9D61-6345ADAB3F72}.Release|Any CPU.ActiveCfg = Release|Any CPU
		{392D8E2C-18C7-43DC-9D61-6345ADAB3F72}.Release|Any CPU.Build.0 = Release|Any CPU
		{883B7F5A-50E3-46CA-9EF1-18DBFCDFCD98}.Debug|Any CPU.ActiveCfg = Debug|Any CPU
		{883B7F5A-50E3-46CA-9EF1-18DBFCDFCD98}.Debug|Any CPU.Build.0 = Debug|Any CPU
		{883B7F5A-50E3-46CA-9EF1-18DBFCDFCD98}.Release|Any CPU.ActiveCfg = Release|Any CPU
		{883B7F5A-50E3-46CA-9EF1-18DBFCDFCD98}.Release|Any CPU.Build.0 = Release|Any CPU
	EndGlobalSection
	GlobalSection(NestedProjects) = preSolution
		{06702CF4-17DF-4401-9C65-1254B2F42E93} = {0850DE08-2C2F-48D0-9DA5-B27A94039897}
		{D3F5E4B8-6A3E-4F9B-8E6B-9C9C3E7A1F21} = {0850DE08-2C2F-48D0-9DA5-B27A94039897}
		{AB79624D-61BD-4160-B3AE-9CCE08BD5B53} = {B4768D6B-3C8C-4EF7-948F-5DEB6038F30C}
		{4429B022-EA78-43A9-A11D-A5700B2F9935} = {0850DE08-2C2F-48D0-9DA5-B27A94039897}
		{361C1550-B779-4E9E-9EBA-458A84E7063D} = {0850DE08-2C2F-48D0-9DA5-B27A94039897}
		{0C286FAF-5C31-4F92-B413-54AAD6EADB51} = {B4768D6B-3C8C-4EF7-948F-5DEB6038F30C}
		{A36C7893-6C62-4A35-A6EB-48E223752EFE} = {0850DE08-2C2F-48D0-9DA5-B27A94039897}
		{5F257BED-6C93-4E0F-8097-51E358BEF8A3} = {0850DE08-2C2F-48D0-9DA5-B27A94039897}
		{A96B86A7-6280-47F3-A286-4522F23F824D} = {B4768D6B-3C8C-4EF7-948F-5DEB6038F30C}
		{C4C2A7F4-8B2D-4B7F-9B0D-4D4D4D4D4D4D} = {0850DE08-2C2F-48D0-9DA5-B27A94039897}
		{CC3AE83B-057E-4F45-8328-D3DD5ACEFDB6} = {0850DE08-2C2F-48D0-9DA5-B27A94039897}
		{7963FE6F-4188-4467-B3CD-33524F290DDA} = {CC3AE83B-057E-4F45-8328-D3DD5ACEFDB6}
		{5EF3D76A-6125-4B74-9AA9-BE3CB7A47C71} = {CC3AE83B-057E-4F45-8328-D3DD5ACEFDB6}
		{3621ADB2-798F-4396-B821-3C3388AB639E} = {CC3AE83B-057E-4F45-8328-D3DD5ACEFDB6}
		{392D8E2C-18C7-43DC-9D61-6345ADAB3F72} = {CC3AE83B-057E-4F45-8328-D3DD5ACEFDB6}
		{883B7F5A-50E3-46CA-9EF1-18DBFCDFCD98} = {B4768D6B-3C8C-4EF7-948F-5DEB6038F30C}
	EndGlobalSection
EndGlobal
